PODS:
  - EasyObserve (1.2.0):
    - EasyObserve/Foundation (= 1.2.0)
    - EasyObserve/UIKit (= 1.2.0)
  - EasyObserve/Foundation (1.2.0)
  - EasyObserve/UIKit (1.2.0):
    - EasyObserve/Foundation
  - Nimble (9.2.1)
  - Quick (4.0.0)

DEPENDENCIES:
  - EasyObserve (from `../`)
  - Nimble
  - Quick

SPEC REPOS:
  trunk:
    - Nimble
    - Quick

EXTERNAL SOURCES:
  EasyObserve:
    :path: "../"

SPEC CHECKSUMS:
  EasyObserve: 0f4e21400157b228250bc11730e6664b040bb60c
  Nimble: e7e615c0335ee4bf5b0d786685451e62746117d5
  Quick: 6473349e43b9271a8d43839d9ba1c442ed1b7ac4

PODFILE CHECKSUM: 246fb87f74aac688287fe643059ef271b6899787

COCOAPODS: 1.11.2
