PODS:
  - EasyObserve (2.0.0):
    - EasyObserve/Foundation (= 2.0.0)
    - EasyObserve/UIKit (= 2.0.0)
  - EasyObserve/Foundation (2.0.0)
  - EasyObserve/UIKit (2.0.0):
    - EasyObserve/Foundation
  - Nimble (9.2.1)
  - Quick (4.0.0)

DEPENDENCIES:
  - EasyObserve (from `../`)
  - Nimble
  - Quick

SPEC REPOS:
  trunk:
    - Nimble
    - Quick

EXTERNAL SOURCES:
  EasyObserve:
    :path: "../"

SPEC CHECKSUMS:
  EasyObserve: 7c49327edf8b77e5f20b6ce10b94c42347ecafee
  Nimble: e7e615c0335ee4bf5b0d786685451e62746117d5
  Quick: 6473349e43b9271a8d43839d9ba1c442ed1b7ac4

PODFILE CHECKSUM: c537ba7ad0910739f1c832e270176d20051adbf5

COCOAPODS: 1.15.2
