PODS:
  - EasyObserve (1.0.0)
  - Nimble (9.2.1)
  - Quick (4.0.0)

DEPENDENCIES:
  - EasyObserve (from `../`)
  - Nimble
  - Quick

SPEC REPOS:
  trunk:
    - Nimble
    - Quick

EXTERNAL SOURCES:
  EasyObserve:
    :path: "../"

SPEC CHECKSUMS:
  EasyObserve: f1c183a95ea42b04ac9edb43564595c7f0af80d7
  Nimble: e7e615c0335ee4bf5b0d786685451e62746117d5
  Quick: 6473349e43b9271a8d43839d9ba1c442ed1b7ac4

PODFILE CHECKSUM: 75f820e2a69d03a2b569e16f6f6e6831e248a97c

COCOAPODS: 1.11.2
